
Microsoft Visual Studio Solution File, Format Version 12.00
# Visual Studio Version 17
VisualStudioVersion = 17.13.35828.75 d17.13
MinimumVisualStudioVersion = 10.0.40219.1
Project("{FAE04EC0-301F-11D3-BF4B-00C04F79EFBC}") = "MauiAppBuscaDinamica", "MauiAppBuscaDinamica\MauiAppBuscaDinamica.csproj", "{D3282AA0-C6A7-4E0E-9822-95B22E316A64}"
EndProject
Global
	GlobalSection(SolutionConfigurationPlatforms) = preSolution
		Debug|Any CPU = Debug|Any CPU
		Release|Any CPU = Release|Any CPU
	EndGlobalSection
	GlobalSection(ProjectConfigurationPlatforms) = postSolution
		{D3282AA0-C6A7-4E0E-9822-95B22E316A64}.Debug|Any CPU.ActiveCfg = Debug|Any CPU
		{D3282AA0-C6A7-4E0E-9822-95B22E316A64}.Debug|Any CPU.Build.0 = Debug|Any CPU
		{D3282AA0-C6A7-4E0E-9822-95B22E316A64}.Debug|Any CPU.Deploy.0 = Debug|Any CPU
		{D3282AA0-C6A7-4E0E-9822-95B22E316A64}.Release|Any CPU.ActiveCfg = Release|Any CPU
		{D3282AA0-C6A7-4E0E-9822-95B22E316A64}.Release|Any CPU.Build.0 = Release|Any CPU
		{D3282AA0-C6A7-4E0E-9822-95B22E316A64}.Release|Any CPU.Deploy.0 = Release|Any CPU
	EndGlobalSection
	GlobalSection(SolutionProperties) = preSolution
		HideSolutionNode = FALSE
	EndGlobalSection
	GlobalSection(ExtensibilityGlobals) = postSolution
		SolutionGuid = {5DC9AA89-9CF3-4FF0-81F5-5A290DA4B16A}
	EndGlobalSection
EndGlobal
